PODS:
  - Colander (0.1.1):
    - SnapKit (~> 3.2.0)
    - SwiftDate (~> 4.1.1)
  - Nimble (7.0.1)
  - Quick (1.1.0)
  - Reveal-SDK (9)
  - SnapKit (3.2.0)
  - SwiftDate (4.1.7)

DEPENDENCIES:
  - Colander (from `../`)
  - Nimble (~> 7.0.1)
  - Quick (~> 1.1.0)
  - Reveal-SDK

EXTERNAL SOURCES:
  Colander:
    :path: ../

SPEC CHECKSUMS:
  Colander: 1947c63f7646df6c1c158e81c6d9772b87e16a1c
  Nimble: 657d000e11df8aebe27cdaf9d244de7f30ed87f7
  Quick: dafc587e21eed9f4cab3249b9f9015b0b7a7f71d
  Reveal-SDK: d977a1ec41e7c076025c1005da6e6d7c1b8ed254
  SnapKit: 1ca44df72cfa543218d177cb8aab029d10d86ea7
  SwiftDate: 029be76691ee89176da3a46c7df3415b6734bc5b

PODFILE CHECKSUM: f5108c1bbfad1b3abc9f5eda3e5952cb71631301

COCOAPODS: 1.3.1
