PODS:
  - Colander (0.2.4):
    - SnapKit (~> 5.0.1)
    - SwiftDate (~> 6.3.1)
  - Nimble (9.2.0)
  - Quick (4.0.0)
  - SnapKit (5.0.1)
  - SwiftDate (6.3.1)

DEPENDENCIES:
  - Colander (from `../`)
  - Nimble (~> 9.2.0)
  - Quick (~> 4.0.0)

SPEC REPOS:
  trunk:
    - Nimble
    - Quick
    - SnapKit
    - SwiftDate

EXTERNAL SOURCES:
  Colander:
    :path: "../"

SPEC CHECKSUMS:
  Colander: 59d264cbc922fba799f9753af144339ccea1593e
  Nimble: 4f4a345c80b503b3ea13606a4f98405974ee4d0b
  Quick: 6473349e43b9271a8d43839d9ba1c442ed1b7ac4
  SnapKit: 97b92857e3df3a0c71833cce143274bf6ef8e5eb
  SwiftDate: 72d28954e8e1c6c1c0f917ccc8005e4f83c7d4b2

PODFILE CHECKSUM: 0e0a04c7fc638aff5349877b0a815224f5cc4510

COCOAPODS: 1.10.0
